
Microsoft Visual Studio Solution File, Format Version 12.00
# Visual Studio 15
VisualStudioVersion = 15.0.28307.136
MinimumVisualStudioVersion = 10.0.40219.1
Project("{FAE04EC0-301F-11D3-BF4B-00C04F79EFBC}") = "ShoppingModule", "ShoppingModule.csproj", "{AFD6C803-FB2B-4891-9A1E-29C9C75DEC2B}"
EndProject
Global
	GlobalSection(SolutionConfigurationPlatforms) = preSolution
		Debug|Any CPU = Debug|Any CPU
		Release|Any CPU = Release|Any CPU
	EndGlobalSection
	GlobalSection(ProjectConfigurationPlatforms) = postSolution
		{AFD6C803-FB2B-4891-9A1E-29C9C75DEC2B}.Debug|Any CPU.ActiveCfg = Debug|Any CPU
		{AFD6C803-FB2B-4891-9A1E-29C9C75DEC2B}.Debug|Any CPU.Build.0 = Debug|Any CPU
		{AFD6C803-FB2B-4891-9A1E-29C9C75DEC2B}.Release|Any CPU.ActiveCfg = Release|Any CPU
		{AFD6C803-FB2B-4891-9A1E-29C9C75DEC2B}.Release|Any CPU.Build.0 = Release|Any CPU
	EndGlobalSection
	GlobalSection(SolutionProperties) = preSolution
		HideSolutionNode = FALSE
	EndGlobalSection
	GlobalSection(ExtensibilityGlobals) = postSolution
		SolutionGuid = {DCDC6E9F-93EE-4E93-9DA9-638EA91D289C}
	EndGlobalSection
EndGlobal
